{
  "name": "emailvalidatorbychayan",
  "version": "1.0.1",
  "lockfileVersion": 3,
  "requires": true,
  "packages": {
    "": {
      "name": "emailvalidatorbychayan",
      "version": "1.0.1",
      "license": "ISC",
      "dependencies": {
        "emailvalidatorbychayan": "^1.0.1"
      }
    },
    "node_modules/emailvalidatorbychayan": {
      "version": "1.0.1",
      "resolved": "https://registry.npmjs.org/emailvalidatorbychayan/-/emailvalidatorbychayan-1.0.1.tgz",
      "integrity": "sha512-oxyeYPZeg788FrbCbzbt0e4qZvnaVmzPoPscKqLGuxUwhzwIhVTzrZy2RnmbXeWcol7pFY9ZQ0K3VF4L/FS9hg==",
      "license": "ISC"
    }
  }
}
